
Microsoft Visual Studio Solution File, Format Version 12.00
# Visual Studio Version 17
VisualStudioVersion = 17.8.34525.116
MinimumVisualStudioVersion = 10.0.40219.1
Project("{FAE04EC0-301F-11D3-BF4B-00C04F79EFBC}") = "PhamMinhTuan_231230946_de02", "PhamMinhTuan_231230946_de02\PhamMinhTuan_231230946_de02.csproj", "{EBF486C3-C15F-440B-A437-B6743702783C}"
EndProject
Global
	GlobalSection(SolutionConfigurationPlatforms) = preSolution
		Debug|Any CPU = Debug|Any CPU
		Release|Any CPU = Release|Any CPU
	EndGlobalSection
	GlobalSection(ProjectConfigurationPlatforms) = postSolution
		{EBF486C3-C15F-440B-A437-B6743702783C}.Debug|Any CPU.ActiveCfg = Debug|Any CPU
		{EBF486C3-C15F-440B-A437-B6743702783C}.Debug|Any CPU.Build.0 = Debug|Any CPU
		{EBF486C3-C15F-440B-A437-B6743702783C}.Release|Any CPU.ActiveCfg = Release|Any CPU
		{EBF486C3-C15F-440B-A437-B6743702783C}.Release|Any CPU.Build.0 = Release|Any CPU
	EndGlobalSection
	GlobalSection(SolutionProperties) = preSolution
		HideSolutionNode = FALSE
	EndGlobalSection
	GlobalSection(ExtensibilityGlobals) = postSolution
		SolutionGuid = {EB023D92-6BBA-41C1-B86E-1C2EA01D3998}
	EndGlobalSection
EndGlobal
